
Microsoft Visual Studio Solution File, Format Version 12.00
# Visual Studio Version 17
VisualStudioVersion = 17.3.32825.248
MinimumVisualStudioVersion = 10.0.40219.1
Project("{FAE04EC0-301F-11D3-BF4B-00C04F79EFBC}") = "DiscordBot", "DiscordBot\DiscordBot.csproj", "{07D0B4F6-DC60-480A-B768-E7D3080D22E8}"
EndProject
Global
	GlobalSection(SolutionConfigurationPlatforms) = preSolution
		Debug|Any CPU = Debug|Any CPU
		Release|Any CPU = Release|Any CPU
	EndGlobalSection
	GlobalSection(ProjectConfigurationPlatforms) = postSolution
		{07D0B4F6-DC60-480A-B768-E7D3080D22E8}.Debug|Any CPU.ActiveCfg = Debug|Any CPU
		{07D0B4F6-DC60-480A-B768-E7D3080D22E8}.Debug|Any CPU.Build.0 = Debug|Any CPU
		{07D0B4F6-DC60-480A-B768-E7D3080D22E8}.Release|Any CPU.ActiveCfg = Release|Any CPU
		{07D0B4F6-DC60-480A-B768-E7D3080D22E8}.Release|Any CPU.Build.0 = Release|Any CPU
	EndGlobalSection
	GlobalSection(SolutionProperties) = preSolution
		HideSolutionNode = FALSE
	EndGlobalSection
	GlobalSection(ExtensibilityGlobals) = postSolution
		SolutionGuid = {5882F78A-E354-4330-9755-02FD6CD9CCF3}
	EndGlobalSection
EndGlobal
